
Microsoft Visual Studio Solution File, Format Version 12.00
# Visual Studio Version 17
VisualStudioVersion = 17.5.33530.505
MinimumVisualStudioVersion = 10.0.40219.1
Project("{9A19103F-16F7-4668-BE54-9A1E7A4F7556}") = "BancaJN.Api", "BancaJN.Api\BancaJN.Api.csproj", "{0D79BC04-4EA2-4DA4-9BC0-73B09A0895DA}"
	ProjectSection(ProjectDependencies) = postProject
		{304ABC12-4091-479E-B2C0-71075B84F42F} = {304ABC12-4091-479E-B2C0-71075B84F42F}
	EndProjectSection
EndProject
Project("{9A19103F-16F7-4668-BE54-9A1E7A4F7556}") = "BancaJN.Web", "BancaJN.Web\BancaJN.Web.csproj", "{9F7F7224-2015-4B91-ADBE-1C0F88F6E507}"
	ProjectSection(ProjectDependencies) = postProject
		{304ABC12-4091-479E-B2C0-71075B84F42F} = {304ABC12-4091-479E-B2C0-71075B84F42F}
	EndProjectSection
EndProject
Project("{9A19103F-16F7-4668-BE54-9A1E7A4F7556}") = "BancaJN.Model", "BancaJN.Model\BancaJN.Model.csproj", "{304ABC12-4091-479E-B2C0-71075B84F42F}"
EndProject
Global
	GlobalSection(SolutionConfigurationPlatforms) = preSolution
		Debug|Any CPU = Debug|Any CPU
		Release|Any CPU = Release|Any CPU
	EndGlobalSection
	GlobalSection(ProjectConfigurationPlatforms) = postSolution
		{0D79BC04-4EA2-4DA4-9BC0-73B09A0895DA}.Debug|Any CPU.ActiveCfg = Debug|Any CPU
		{0D79BC04-4EA2-4DA4-9BC0-73B09A0895DA}.Debug|Any CPU.Build.0 = Debug|Any CPU
		{0D79BC04-4EA2-4DA4-9BC0-73B09A0895DA}.Release|Any CPU.ActiveCfg = Release|Any CPU
		{0D79BC04-4EA2-4DA4-9BC0-73B09A0895DA}.Release|Any CPU.Build.0 = Release|Any CPU
		{9F7F7224-2015-4B91-ADBE-1C0F88F6E507}.Debug|Any CPU.ActiveCfg = Debug|Any CPU
		{9F7F7224-2015-4B91-ADBE-1C0F88F6E507}.Debug|Any CPU.Build.0 = Debug|Any CPU
		{9F7F7224-2015-4B91-ADBE-1C0F88F6E507}.Release|Any CPU.ActiveCfg = Release|Any CPU
		{9F7F7224-2015-4B91-ADBE-1C0F88F6E507}.Release|Any CPU.Build.0 = Release|Any CPU
		{304ABC12-4091-479E-B2C0-71075B84F42F}.Debug|Any CPU.ActiveCfg = Debug|Any CPU
		{304ABC12-4091-479E-B2C0-71075B84F42F}.Debug|Any CPU.Build.0 = Debug|Any CPU
		{304ABC12-4091-479E-B2C0-71075B84F42F}.Release|Any CPU.ActiveCfg = Release|Any CPU
		{304ABC12-4091-479E-B2C0-71075B84F42F}.Release|Any CPU.Build.0 = Release|Any CPU
	EndGlobalSection
	GlobalSection(SolutionProperties) = preSolution
		HideSolutionNode = FALSE
	EndGlobalSection
	GlobalSection(ExtensibilityGlobals) = postSolution
		SolutionGuid = {5E3E82AF-8F18-4DD0-8564-6034B94D58F4}
	EndGlobalSection
EndGlobal
